// !$*UTF8*$!
{
	archiveVersion = 1;
	classes = {
	};
	objectVersion = 56;
	objects = {

/* Begin PBXBuildFile section */
		61218E882AC45D2E00EDE0D8 /* AppDelegate.swift in Sources */ = {isa = PBXBuildFile; fileRef = 61218E872AC45D2E00EDE0D8 /* AppDelegate.swift */; };
		61218E8A2AC45D2E00EDE0D8 /* SceneDelegate.swift in Sources */ = {isa = PBXBuildFile; fileRef = 61218E892AC45D2E00EDE0D8 /* SceneDelegate.swift */; };
		61218E8C2AC45D2E00EDE0D8 /* ViewController.swift in Sources */ = {isa = PBXBuildFile; fileRef = 61218E8B2AC45D2E00EDE0D8 /* ViewController.swift */; };
		61218E8F2AC45D2E00EDE0D8 /* Main.storyboard in Resources */ = {isa = PBXBuildFile; fileRef = 61218E8D2AC45D2E00EDE0D8 /* Main.storyboard */; };
		61218E922AC45D2E00EDE0D8 /* SephoraExercice.xcdatamodeld in Sources */ = {isa = PBXBuildFile; fileRef = 61218E902AC45D2E00EDE0D8 /* SephoraExercice.xcdatamodeld */; };
		61218E942AC45D3000EDE0D8 /* Assets.xcassets in Resources */ = {isa = PBXBuildFile; fileRef = 61218E932AC45D3000EDE0D8 /* Assets.xcassets */; };
		61218E972AC45D3000EDE0D8 /* LaunchScreen.storyboard in Resources */ = {isa = PBXBuildFile; fileRef = 61218E952AC45D3000EDE0D8 /* LaunchScreen.storyboard */; };
		61218EA22AC45D3000EDE0D8 /* SephoraExerciceTests.swift in Sources */ = {isa = PBXBuildFile; fileRef = 61218EA12AC45D3000EDE0D8 /* SephoraExerciceTests.swift */; };
		61218EAC2AC45D3000EDE0D8 /* SephoraExerciceUITests.swift in Sources */ = {isa = PBXBuildFile; fileRef = 61218EAB2AC45D3000EDE0D8 /* SephoraExerciceUITests.swift */; };
		61218EAE2AC45D3000EDE0D8 /* SephoraExerciceUITestsLaunchTests.swift in Sources */ = {isa = PBXBuildFile; fileRef = 61218EAD2AC45D3000EDE0D8 /* SephoraExerciceUITestsLaunchTests.swift */; };
/* End PBXBuildFile section */

/* Begin PBXContainerItemProxy section */
		61218E9E2AC45D3000EDE0D8 /* PBXContainerItemProxy */ = {
			isa = PBXContainerItemProxy;
			containerPortal = 61218E7C2AC45D2E00EDE0D8 /* Project object */;
			proxyType = 1;
			remoteGlobalIDString = 61218E832AC45D2E00EDE0D8;
			remoteInfo = SephoraExercice;
		};
		61218EA82AC45D3000EDE0D8 /* PBXContainerItemProxy */ = {
			isa = PBXContainerItemProxy;
			containerPortal = 61218E7C2AC45D2E00EDE0D8 /* Project object */;
			proxyType = 1;
			remoteGlobalIDString = 61218E832AC45D2E00EDE0D8;
			remoteInfo = SephoraExercice;
		};
/* End PBXContainerItemProxy section */

/* Begin PBXFileReference section */
		61218E842AC45D2E00EDE0D8 /* SephoraExercice.app */ = {isa = PBXFileReference; explicitFileType = wrapper.application; includeInIndex = 0; path = SephoraExercice.app; sourceTree = BUILT_PRODUCTS_DIR; };
		61218E872AC45D2E00EDE0D8 /* AppDelegate.swift */ = {isa = PBXFileReference; lastKnownFileType = sourcecode.swift; path = AppDelegate.swift; sourceTree = "<group>"; };
		61218E892AC45D2E00EDE0D8 /* SceneDelegate.swift */ = {isa = PBXFileReference; lastKnownFileType = sourcecode.swift; path = SceneDelegate.swift; sourceTree = "<group>"; };
		61218E8B2AC45D2E00EDE0D8 /* ViewController.swift */ = {isa = PBXFileReference; lastKnownFileType = sourcecode.swift; path = ViewController.swift; sourceTree = "<group>"; };
		61218E8E2AC45D2E00EDE0D8 /* Base */ = {isa = PBXFileReference; lastKnownFileType = file.storyboard; name = Base; path = Base.lproj/Main.storyboard; sourceTree = "<group>"; };
		61218E912AC45D2E00EDE0D8 /* SephoraExercice.xcdatamodel */ = {isa = PBXFileReference; lastKnownFileType = wrapper.xcdatamodel; path = SephoraExercice.xcdatamodel; sourceTree = "<group>"; };
		61218E932AC45D3000EDE0D8 /* Assets.xcassets */ = {isa = PBXFileReference; lastKnownFileType = folder.assetcatalog; path = Assets.xcassets; sourceTree = "<group>"; };
		61218E962AC45D3000EDE0D8 /* Base */ = {isa = PBXFileReference; lastKnownFileType = file.storyboard; name = Base; path = Base.lproj/LaunchScreen.storyboard; sourceTree = "<group>"; };
		61218E982AC45D3000EDE0D8 /* Info.plist */ = {isa = PBXFileReference; lastKnownFileType = text.plist.xml; path = Info.plist; sourceTree = "<group>"; };
		61218E9D2AC45D3000EDE0D8 /* SephoraExerciceTests.xctest */ = {isa = PBXFileReference; explicitFileType = wrapper.cfbundle; includeInIndex = 0; path = SephoraExerciceTests.xctest; sourceTree = BUILT_PRODUCTS_DIR; };
		61218EA12AC45D3000EDE0D8 /* SephoraExerciceTests.swift */ = {isa = PBXFileReference; lastKnownFileType = sourcecode.swift; path = SephoraExerciceTests.swift; sourceTree = "<group>"; };
		61218EA72AC45D3000EDE0D8 /* SephoraExerciceUITests.xctest */ = {isa = PBXFileReference; explicitFileType = wrapper.cfbundle; includeInIndex = 0; path = SephoraExerciceUITests.xctest; sourceTree = BUILT_PRODUCTS_DIR; };
		61218EAB2AC45D3000EDE0D8 /* SephoraExerciceUITests.swift */ = {isa = PBXFileReference; lastKnownFileType = sourcecode.swift; path = SephoraExerciceUITests.swift; sourceTree = "<group>"; };
		61218EAD2AC45D3000EDE0D8 /* SephoraExerciceUITestsLaunchTests.swift */ = {isa = PBXFileReference; lastKnownFileType = sourcecode.swift; path = SephoraExerciceUITestsLaunchTests.swift; sourceTree = "<group>"; };
/* End PBXFileReference section */

/* Begin PBXFrameworksBuildPhase section */
		61218E812AC45D2E00EDE0D8 /* Frameworks */ = {
			isa = PBXFrameworksBuildPhase;
			buildActionMask = 2147483647;
			files = (
			);
			runOnlyForDeploymentPostprocessing = 0;
		};
		61218E9A2AC45D3000EDE0D8 /* Frameworks */ = {
			isa = PBXFrameworksBuildPhase;
			buildActionMask = 2147483647;
			files = (
			);
			runOnlyForDeploymentPostprocessing = 0;
		};
		61218EA42AC45D3000EDE0D8 /* Frameworks */ = {
			isa = PBXFrameworksBuildPhase;
			buildActionMask = 2147483647;
			files = (
			);
			runOnlyForDeploymentPostprocessing = 0;
		};
/* End PBXFrameworksBuildPhase section */

/* Begin PBXGroup section */
		61218E7B2AC45D2E00EDE0D8 = {
			isa = PBXGroup;
			children = (
				61218E862AC45D2E00EDE0D8 /* SephoraExercice */,
				61218EA02AC45D3000EDE0D8 /* SephoraExerciceTests */,
				61218EAA2AC45D3000EDE0D8 /* SephoraExerciceUITests */,
				61218E852AC45D2E00EDE0D8 /* Products */,
			);
			sourceTree = "<group>";
		};
		61218E852AC45D2E00EDE0D8 /* Products */ = {
			isa = PBXGroup;
			children = (
				61218E842AC45D2E00EDE0D8 /* SephoraExercice.app */,
				61218E9D2AC45D3000EDE0D8 /* SephoraExerciceTests.xctest */,
				61218EA72AC45D3000EDE0D8 /* SephoraExerciceUITests.xctest */,
			);
			name = Products;
			sourceTree = "<group>";
		};
		61218E862AC45D2E00EDE0D8 /* SephoraExercice */ = {
			isa = PBXGroup;
			children = (
				61218E872AC45D2E00EDE0D8 /* AppDelegate.swift */,
				61218E892AC45D2E00EDE0D8 /* SceneDelegate.swift */,
				61218E8B2AC45D2E00EDE0D8 /* ViewController.swift */,
				61218E8D2AC45D2E00EDE0D8 /* Main.storyboard */,
				61218E932AC45D3000EDE0D8 /* Assets.xcassets */,
				61218E952AC45D3000EDE0D8 /* LaunchScreen.storyboard */,
				61218E982AC45D3000EDE0D8 /* Info.plist */,
				61218E902AC45D2E00EDE0D8 /* SephoraExercice.xcdatamodeld */,
			);
			path = SephoraExercice;
			sourceTree = "<group>";
		};
		61218EA02AC45D3000EDE0D8 /* SephoraExerciceTests */ = {
			isa = PBXGroup;
			children = (
				61218EA12AC45D3000EDE0D8 /* SephoraExerciceTests.swift */,
			);
			path = SephoraExerciceTests;
			sourceTree = "<group>";
		};
		61218EAA2AC45D3000EDE0D8 /* SephoraExerciceUITests */ = {
			isa = PBXGroup;
			children = (
				61218EAB2AC45D3000EDE0D8 /* SephoraExerciceUITests.swift */,
				61218EAD2AC45D3000EDE0D8 /* SephoraExerciceUITestsLaunchTests.swift */,
			);
			path = SephoraExerciceUITests;
			sourceTree = "<group>";
		};
/* End PBXGroup section */

/* Begin PBXNativeTarget section */
		61218E832AC45D2E00EDE0D8 /* SephoraExercice */ = {
			isa = PBXNativeTarget;
			buildConfigurationList = 61218EB12AC45D3000EDE0D8 /* Build configuration list for PBXNativeTarget "SephoraExercice" */;
			buildPhases = (
				61218E802AC45D2E00EDE0D8 /* Sources */,
				61218E812AC45D2E00EDE0D8 /* Frameworks */,
				61218E822AC45D2E00EDE0D8 /* Resources */,
			);
			buildRules = (
			);
			dependencies = (
			);
			name = SephoraExercice;
			productName = SephoraExercice;
			productReference = 61218E842AC45D2E00EDE0D8 /* SephoraExercice.app */;
			productType = "com.apple.product-type.application";
		};
		61218E9C2AC45D3000EDE0D8 /* SephoraExerciceTests */ = {
			isa = PBXNativeTarget;
			buildConfigurationList = 61218EB42AC45D3000EDE0D8 /* Build configuration list for PBXNativeTarget "SephoraExerciceTests" */;
			buildPhases = (
				61218E992AC45D3000EDE0D8 /* Sources */,
				61218E9A2AC45D3000EDE0D8 /* Frameworks */,
				61218E9B2AC45D3000EDE0D8 /* Resources */,
			);
			buildRules = (
			);
			dependencies = (
				61218E9F2AC45D3000EDE0D8 /* PBXTargetDependency */,
			);
			name = SephoraExerciceTests;
			productName = SephoraExerciceTests;
			productReference = 61218E9D2AC45D3000EDE0D8 /* SephoraExerciceTests.xctest */;
			productType = "com.apple.product-type.bundle.unit-test";
		};
		61218EA62AC45D3000EDE0D8 /* SephoraExerciceUITests */ = {
			isa = PBXNativeTarget;
			buildConfigurationList = 61218EB72AC45D3000EDE0D8 /* Build configuration list for PBXNativeTarget "SephoraExerciceUITests" */;
			buildPhases = (
				61218EA32AC45D3000EDE0D8 /* Sources */,
				61218EA42AC45D3000EDE0D8 /* Frameworks */,
				61218EA52AC45D3000EDE0D8 /* Resources */,
			);
			buildRules = (
			);
			dependencies = (
				61218EA92AC45D3000EDE0D8 /* PBXTargetDependency */,
			);
			name = SephoraExerciceUITests;
			productName = SephoraExerciceUITests;
			productReference = 61218EA72AC45D3000EDE0D8 /* SephoraExerciceUITests.xctest */;
			productType = "com.apple.product-type.bundle.ui-testing";
		};
/* End PBXNativeTarget section */

/* Begin PBXProject section */
		61218E7C2AC45D2E00EDE0D8 /* Project object */ = {
			isa = PBXProject;
			attributes = {
				BuildIndependentTargetsInParallel = 1;
				LastSwiftUpdateCheck = 1420;
				LastUpgradeCheck = 1420;
				TargetAttributes = {
					61218E832AC45D2E00EDE0D8 = {
						CreatedOnToolsVersion = 14.2;
					};
					61218E9C2AC45D3000EDE0D8 = {
						CreatedOnToolsVersion = 14.2;
						TestTargetID = 61218E832AC45D2E00EDE0D8;
					};
					61218EA62AC45D3000EDE0D8 = {
						CreatedOnToolsVersion = 14.2;
						TestTargetID = 61218E832AC45D2E00EDE0D8;
					};
				};
			};
			buildConfigurationList = 61218E7F2AC45D2E00EDE0D8 /* Build configuration list for PBXProject "SephoraExercice" */;
			compatibilityVersion = "Xcode 14.0";
			developmentRegion = en;
			hasScannedForEncodings = 0;
			knownRegions = (
				en,
				Base,
			);
			mainGroup = 61218E7B2AC45D2E00EDE0D8;
			productRefGroup = 61218E852AC45D2E00EDE0D8 /* Products */;
			projectDirPath = "";
			projectRoot = "";
			targets = (
				61218E832AC45D2E00EDE0D8 /* SephoraExercice */,
				61218E9C2AC45D3000EDE0D8 /* SephoraExerciceTests */,
				61218EA62AC45D3000EDE0D8 /* SephoraExerciceUITests */,
			);
		};
/* End PBXProject section */

/* Begin PBXResourcesBuildPhase section */
		61218E822AC45D2E00EDE0D8 /* Resources */ = {
			isa = PBXResourcesBuildPhase;
			buildActionMask = 2147483647;
			files = (
				61218E972AC45D3000EDE0D8 /* LaunchScreen.storyboard in Resources */,
				61218E942AC45D3000EDE0D8 /* Assets.xcassets in Resources */,
				61218E8F2AC45D2E00EDE0D8 /* Main.storyboard in Resources */,
			);
			runOnlyForDeploymentPostprocessing = 0;
		};
		61218E9B2AC45D3000EDE0D8 /* Resources */ = {
			isa = PBXResourcesBuildPhase;
			buildActionMask = 2147483647;
			files = (
			);
			runOnlyForDeploymentPostprocessing = 0;
		};
		61218EA52AC45D3000EDE0D8 /* Resources */ = {
			isa = PBXResourcesBuildPhase;
			buildActionMask = 2147483647;
			files = (
			);
			runOnlyForDeploymentPostprocessing = 0;
		};
/* End PBXResourcesBuildPhase section */

/* Begin PBXSourcesBuildPhase section */
		61218E802AC45D2E00EDE0D8 /* Sources */ = {
			isa = PBXSourcesBuildPhase;
			buildActionMask = 2147483647;
			files = (
				61218E8C2AC45D2E00EDE0D8 /* ViewController.swift in Sources */,
				61218E882AC45D2E00EDE0D8 /* AppDelegate.swift in Sources */,
				61218E922AC45D2E00EDE0D8 /* SephoraExercice.xcdatamodeld in Sources */,
				61218E8A2AC45D2E00EDE0D8 /* SceneDelegate.swift in Sources */,
			);
			runOnlyForDeploymentPostprocessing = 0;
		};
		61218E992AC45D3000EDE0D8 /* Sources */ = {
			isa = PBXSourcesBuildPhase;
			buildActionMask = 2147483647;
			files = (
				61218EA22AC45D3000EDE0D8 /* SephoraExerciceTests.swift in Sources */,
			);
			runOnlyForDeploymentPostprocessing = 0;
		};
		61218EA32AC45D3000EDE0D8 /* Sources */ = {
			isa = PBXSourcesBuildPhase;
			buildActionMask = 2147483647;
			files = (
				61218EAC2AC45D3000EDE0D8 /* SephoraExerciceUITests.swift in Sources */,
				61218EAE2AC45D3000EDE0D8 /* SephoraExerciceUITestsLaunchTests.swift in Sources */,
			);
			runOnlyForDeploymentPostprocessing = 0;
		};
/* End PBXSourcesBuildPhase section */

/* Begin PBXTargetDependency section */
		61218E9F2AC45D3000EDE0D8 /* PBXTargetDependency */ = {
			isa = PBXTargetDependency;
			target = 61218E832AC45D2E00EDE0D8 /* SephoraExercice */;
			targetProxy = 61218E9E2AC45D3000EDE0D8 /* PBXContainerItemProxy */;
		};
		61218EA92AC45D3000EDE0D8 /* PBXTargetDependency */ = {
			isa = PBXTargetDependency;
			target = 61218E832AC45D2E00EDE0D8 /* SephoraExercice */;
			targetProxy = 61218EA82AC45D3000EDE0D8 /* PBXContainerItemProxy */;
		};
/* End PBXTargetDependency section */

/* Begin PBXVariantGroup section */
		61218E8D2AC45D2E00EDE0D8 /* Main.storyboard */ = {
			isa = PBXVariantGroup;
			children = (
				61218E8E2AC45D2E00EDE0D8 /* Base */,
			);
			name = Main.storyboard;
			sourceTree = "<group>";
		};
		61218E952AC45D3000EDE0D8 /* LaunchScreen.storyboard */ = {
			isa = PBXVariantGroup;
			children = (
				61218E962AC45D3000EDE0D8 /* Base */,
			);
			name = LaunchScreen.storyboard;
			sourceTree = "<group>";
		};
/* End PBXVariantGroup section */

/* Begin XCBuildConfiguration section */
		61218EAF2AC45D3000EDE0D8 /* Debug */ = {
			isa = XCBuildConfiguration;
			buildSettings = {
				ALWAYS_SEARCH_USER_PATHS = NO;
				CLANG_ANALYZER_NONNULL = YES;
				CLANG_ANALYZER_NUMBER_OBJECT_CONVERSION = YES_AGGRESSIVE;
				CLANG_CXX_LANGUAGE_STANDARD = "gnu++20";
				CLANG_ENABLE_MODULES = YES;
				CLANG_ENABLE_OBJC_ARC = YES;
				CLANG_ENABLE_OBJC_WEAK = YES;
				CLANG_WARN_BLOCK_CAPTURE_AUTORELEASING = YES;
				CLANG_WARN_BOOL_CONVERSION = YES;
				CLANG_WARN_COMMA = YES;
				CLANG_WARN_CONSTANT_CONVERSION = YES;
				CLANG_WARN_DEPRECATED_OBJC_IMPLEMENTATIONS = YES;
				CLANG_WARN_DIRECT_OBJC_ISA_USAGE = YES_ERROR;
				CLANG_WARN_DOCUMENTATION_COMMENTS = YES;
				CLANG_WARN_EMPTY_BODY = YES;
				CLANG_WARN_ENUM_CONVERSION = YES;
				CLANG_WARN_INFINITE_RECURSION = YES;
				CLANG_WARN_INT_CONVERSION = YES;
				CLANG_WARN_NON_LITERAL_NULL_CONVERSION = YES;
				CLANG_WARN_OBJC_IMPLICIT_RETAIN_SELF = YES;
				CLANG_WARN_OBJC_LITERAL_CONVERSION = YES;
				CLANG_WARN_OBJC_ROOT_CLASS = YES_ERROR;
				CLANG_WARN_QUOTED_INCLUDE_IN_FRAMEWORK_HEADER = YES;
				CLANG_WARN_RANGE_LOOP_ANALYSIS = YES;
				CLANG_WARN_STRICT_PROTOTYPES = YES;
				CLANG_WARN_SUSPICIOUS_MOVE = YES;
				CLANG_WARN_UNGUARDED_AVAILABILITY = YES_AGGRESSIVE;
				CLANG_WARN_UNREACHABLE_CODE = YES;
				CLANG_WARN__DUPLICATE_METHOD_MATCH = YES;
				COPY_PHASE_STRIP = NO;
				DEBUG_INFORMATION_FORMAT = dwarf;
				ENABLE_STRICT_OBJC_MSGSEND = YES;
				ENABLE_TESTABILITY = YES;
				GCC_C_LANGUAGE_STANDARD = gnu11;
				GCC_DYNAMIC_NO_PIC = NO;
				GCC_NO_COMMON_BLOCKS = YES;
				GCC_OPTIMIZATION_LEVEL = 0;
				GCC_PREPROCESSOR_DEFINITIONS = (
					"DEBUG=1",
					"$(inherited)",
				);
				GCC_WARN_64_TO_32_BIT_CONVERSION = YES;
				GCC_WARN_ABOUT_RETURN_TYPE = YES_ERROR;
				GCC_WARN_UNDECLARED_SELECTOR = YES;
				GCC_WARN_UNINITIALIZED_AUTOS = YES_AGGRESSIVE;
				GCC_WARN_UNUSED_FUNCTION = YES;
				GCC_WARN_UNUSED_VARIABLE = YES;
				IPHONEOS_DEPLOYMENT_TARGET = 16.2;
				MTL_ENABLE_DEBUG_INFO = INCLUDE_SOURCE;
				MTL_FAST_MATH = YES;
				ONLY_ACTIVE_ARCH = YES;
				SDKROOT = iphoneos;
				SWIFT_ACTIVE_COMPILATION_CONDITIONS = DEBUG;
				SWIFT_OPTIMIZATION_LEVEL = "-Onone";
			};
			name = Debug;
		};
		61218EB02AC45D3000EDE0D8 /* Release */ = {
			isa = XCBuildConfiguration;
			buildSettings = {
				ALWAYS_SEARCH_USER_PATHS = NO;
				CLANG_ANALYZER_NONNULL = YES;
				CLANG_ANALYZER_NUMBER_OBJECT_CONVERSION = YES_AGGRESSIVE;
				CLANG_CXX_LANGUAGE_STANDARD = "gnu++20";
				CLANG_ENABLE_MODULES = YES;
				CLANG_ENABLE_OBJC_ARC = YES;
				CLANG_ENABLE_OBJC_WEAK = YES;
				CLANG_WARN_BLOCK_CAPTURE_AUTORELEASING = YES;
				CLANG_WARN_BOOL_CONVERSION = YES;
				CLANG_WARN_COMMA = YES;
				CLANG_WARN_CONSTANT_CONVERSION = YES;
				CLANG_WARN_DEPRECATED_OBJC_IMPLEMENTATIONS = YES;
				CLANG_WARN_DIRECT_OBJC_ISA_USAGE = YES_ERROR;
				CLANG_WARN_DOCUMENTATION_COMMENTS = YES;
				CLANG_WARN_EMPTY_BODY = YES;
				CLANG_WARN_ENUM_CONVERSION = YES;
				CLANG_WARN_INFINITE_RECURSION = YES;
				CLANG_WARN_INT_CONVERSION = YES;
				CLANG_WARN_NON_LITERAL_NULL_CONVERSION = YES;
				CLANG_WARN_OBJC_IMPLICIT_RETAIN_SELF = YES;
				CLANG_WARN_OBJC_LITERAL_CONVERSION = YES;
				CLANG_WARN_OBJC_ROOT_CLASS = YES_ERROR;
				CLANG_WARN_QUOTED_INCLUDE_IN_FRAMEWORK_HEADER = YES;
				CLANG_WARN_RANGE_LOOP_ANALYSIS = YES;
				CLANG_WARN_STRICT_PROTOTYPES = YES;
				CLANG_WARN_SUSPICIOUS_MOVE = YES;
				CLANG_WARN_UNGUARDED_AVAILABILITY = YES_AGGRESSIVE;
				CLANG_WARN_UNREACHABLE_CODE = YES;
				CLANG_WARN__DUPLICATE_METHOD_MATCH = YES;
				COPY_PHASE_STRIP = NO;
				DEBUG_INFORMATION_FORMAT = "dwarf-with-dsym";
				ENABLE_NS_ASSERTIONS = NO;
				ENABLE_STRICT_OBJC_MSGSEND = YES;
				GCC_C_LANGUAGE_STANDARD = gnu11;
				GCC_NO_COMMON_BLOCKS = YES;
				GCC_WARN_64_TO_32_BIT_CONVERSION = YES;
				GCC_WARN_ABOUT_RETURN_TYPE = YES_ERROR;
				GCC_WARN_UNDECLARED_SELECTOR = YES;
				GCC_WARN_UNINITIALIZED_AUTOS = YES_AGGRESSIVE;
				GCC_WARN_UNUSED_FUNCTION = YES;
				GCC_WARN_UNUSED_VARIABLE = YES;
				IPHONEOS_DEPLOYMENT_TARGET = 16.2;
				MTL_ENABLE_DEBUG_INFO = NO;
				MTL_FAST_MATH = YES;
				SDKROOT = iphoneos;
				SWIFT_COMPILATION_MODE = wholemodule;
				SWIFT_OPTIMIZATION_LEVEL = "-O";
				VALIDATE_PRODUCT = YES;
			};
			name = Release;
		};
		61218EB22AC45D3000EDE0D8 /* Debug */ = {
			isa = XCBuildConfiguration;
			buildSettings = {
				ASSETCATALOG_COMPILER_APPICON_NAME = AppIcon;
				ASSETCATALOG_COMPILER_GLOBAL_ACCENT_COLOR_NAME = AccentColor;
				CODE_SIGN_STYLE = Automatic;
				CURRENT_PROJECT_VERSION = 1;
				GENERATE_INFOPLIST_FILE = YES;
				INFOPLIST_FILE = SephoraExercice/Info.plist;
				INFOPLIST_KEY_UIApplicationSupportsIndirectInputEvents = YES;
				INFOPLIST_KEY_UILaunchStoryboardName = LaunchScreen;
				INFOPLIST_KEY_UIMainStoryboardFile = Main;
				INFOPLIST_KEY_UISupportedInterfaceOrientations_iPad = "UIInterfaceOrientationPortrait UIInterfaceOrientationPortraitUpsideDown UIInterfaceOrientationLandscapeLeft UIInterfaceOrientationLandscapeRight";
				INFOPLIST_KEY_UISupportedInterfaceOrientations_iPhone = "UIInterfaceOrientationPortrait UIInterfaceOrientationLandscapeLeft UIInterfaceOrientationLandscapeRight";
				LD_RUNPATH_SEARCH_PATHS = (
					"$(inherited)",
					"@executable_path/Frameworks",
				);
				MARKETING_VERSION = 1.0;
				PRODUCT_BUNDLE_IDENTIFIER = firas.mili.SephoraExercice;
				PRODUCT_NAME = "$(TARGET_NAME)";
				SWIFT_EMIT_LOC_STRINGS = YES;
				SWIFT_VERSION = 5.0;
				TARGETED_DEVICE_FAMILY = "1,2";
			};
			name = Debug;
		};
		61218EB32AC45D3000EDE0D8 /* Release */ = {
			isa = XCBuildConfiguration;
			buildSettings = {
				ASSETCATALOG_COMPILER_APPICON_NAME = AppIcon;
				ASSETCATALOG_COMPILER_GLOBAL_ACCENT_COLOR_NAME = AccentColor;
				CODE_SIGN_STYLE = Automatic;
				CURRENT_PROJECT_VERSION = 1;
				GENERATE_INFOPLIST_FILE = YES;
				INFOPLIST_FILE = SephoraExercice/Info.plist;
				INFOPLIST_KEY_UIApplicationSupportsIndirectInputEvents = YES;
				INFOPLIST_KEY_UILaunchStoryboardName = LaunchScreen;
				INFOPLIST_KEY_UIMainStoryboardFile = Main;
				INFOPLIST_KEY_UISupportedInterfaceOrientations_iPad = "UIInterfaceOrientationPortrait UIInterfaceOrientationPortraitUpsideDown UIInterfaceOrientationLandscapeLeft UIInterfaceOrientationLandscapeRight";
				INFOPLIST_KEY_UISupportedInterfaceOrientations_iPhone = "UIInterfaceOrientationPortrait UIInterfaceOrientationLandscapeLeft UIInterfaceOrientationLandscapeRight";
				LD_RUNPATH_SEARCH_PATHS = (
					"$(inherited)",
					"@executable_path/Frameworks",
				);
				MARKETING_VERSION = 1.0;
				PRODUCT_BUNDLE_IDENTIFIER = firas.mili.SephoraExercice;
				PRODUCT_NAME = "$(TARGET_NAME)";
				SWIFT_EMIT_LOC_STRINGS = YES;
				SWIFT_VERSION = 5.0;
				TARGETED_DEVICE_FAMILY = "1,2";
			};
			name = Release;
		};
		61218EB52AC45D3000EDE0D8 /* Debug */ = {
			isa = XCBuildConfiguration;
			buildSettings = {
				ALWAYS_EMBED_SWIFT_STANDARD_LIBRARIES = YES;
				BUNDLE_LOADER = "$(TEST_HOST)";
				CODE_SIGN_STYLE = Automatic;
				CURRENT_PROJECT_VERSION = 1;
				GENERATE_INFOPLIST_FILE = YES;
				IPHONEOS_DEPLOYMENT_TARGET = 16.2;
				MARKETING_VERSION = 1.0;
				PRODUCT_BUNDLE_IDENTIFIER = firas.mili.SephoraExerciceTests;
				PRODUCT_NAME = "$(TARGET_NAME)";
				SWIFT_EMIT_LOC_STRINGS = NO;
				SWIFT_VERSION = 5.0;
				TARGETED_DEVICE_FAMILY = "1,2";
				TEST_HOST = "$(BUILT_PRODUCTS_DIR)/SephoraExercice.app/$(BUNDLE_EXECUTABLE_FOLDER_PATH)/SephoraExercice";
			};
			name = Debug;
		};
		61218EB62AC45D3000EDE0D8 /* Release */ = {
			isa = XCBuildConfiguration;
			buildSettings = {
				ALWAYS_EMBED_SWIFT_STANDARD_LIBRARIES = YES;
				BUNDLE_LOADER = "$(TEST_HOST)";
				CODE_SIGN_STYLE = Automatic;
				CURRENT_PROJECT_VERSION = 1;
				GENERATE_INFOPLIST_FILE = YES;
				IPHONEOS_DEPLOYMENT_TARGET = 16.2;
				MARKETING_VERSION = 1.0;
				PRODUCT_BUNDLE_IDENTIFIER = firas.mili.SephoraExerciceTests;
				PRODUCT_NAME = "$(TARGET_NAME)";
				SWIFT_EMIT_LOC_STRINGS = NO;
				SWIFT_VERSION = 5.0;
				TARGETED_DEVICE_FAMILY = "1,2";
				TEST_HOST = "$(BUILT_PRODUCTS_DIR)/SephoraExercice.app/$(BUNDLE_EXECUTABLE_FOLDER_PATH)/SephoraExercice";
			};
			name = Release;
		};
		61218EB82AC45D3000EDE0D8 /* Debug */ = {
			isa = XCBuildConfiguration;
			buildSettings = {
				ALWAYS_EMBED_SWIFT_STANDARD_LIBRARIES = YES;
				CODE_SIGN_STYLE = Automatic;
				CURRENT_PROJECT_VERSION = 1;
				GENERATE_INFOPLIST_FILE = YES;
				MARKETING_VERSION = 1.0;
				PRODUCT_BUNDLE_IDENTIFIER = firas.mili.SephoraExerciceUITests;
				PRODUCT_NAME = "$(TARGET_NAME)";
				SWIFT_EMIT_LOC_STRINGS = NO;
				SWIFT_VERSION = 5.0;
				TARGETED_DEVICE_FAMILY = "1,2";
				TEST_TARGET_NAME = SephoraExercice;
			};
			name = Debug;
		};
		61218EB92AC45D3000EDE0D8 /* Release */ = {
			isa = XCBuildConfiguration;
			buildSettings = {
				ALWAYS_EMBED_SWIFT_STANDARD_LIBRARIES = YES;
				CODE_SIGN_STYLE = Automatic;
				CURRENT_PROJECT_VERSION = 1;
				GENERATE_INFOPLIST_FILE = YES;
				MARKETING_VERSION = 1.0;
				PRODUCT_BUNDLE_IDENTIFIER = firas.mili.SephoraExerciceUITests;
				PRODUCT_NAME = "$(TARGET_NAME)";
				SWIFT_EMIT_LOC_STRINGS = NO;
				SWIFT_VERSION = 5.0;
				TARGETED_DEVICE_FAMILY = "1,2";
				TEST_TARGET_NAME = SephoraExercice;
			};
			name = Release;
		};
/* End XCBuildConfiguration section */

/* Begin XCConfigurationList section */
		61218E7F2AC45D2E00EDE0D8 /* Build configuration list for PBXProject "SephoraExercice" */ = {
			isa = XCConfigurationList;
			buildConfigurations = (
				61218EAF2AC45D3000EDE0D8 /* Debug */,
				61218EB02AC45D3000EDE0D8 /* Release */,
			);
			defaultConfigurationIsVisible = 0;
			defaultConfigurationName = Release;
		};
		61218EB12AC45D3000EDE0D8 /* Build configuration list for PBXNativeTarget "SephoraExercice" */ = {
			isa = XCConfigurationList;
			buildConfigurations = (
				61218EB22AC45D3000EDE0D8 /* Debug */,
				61218EB32AC45D3000EDE0D8 /* Release */,
			);
			defaultConfigurationIsVisible = 0;
			defaultConfigurationName = Release;
		};
		61218EB42AC45D3000EDE0D8 /* Build configuration list for PBXNativeTarget "SephoraExerciceTests" */ = {
			isa = XCConfigurationList;
			buildConfigurations = (
				61218EB52AC45D3000EDE0D8 /* Debug */,
				61218EB62AC45D3000EDE0D8 /* Release */,
			);
			defaultConfigurationIsVisible = 0;
			defaultConfigurationName = Release;
		};
		61218EB72AC45D3000EDE0D8 /* Build configuration list for PBXNativeTarget "SephoraExerciceUITests" */ = {
			isa = XCConfigurationList;
			buildConfigurations = (
				61218EB82AC45D3000EDE0D8 /* Debug */,
				61218EB92AC45D3000EDE0D8 /* Release */,
			);
			defaultConfigurationIsVisible = 0;
			defaultConfigurationName = Release;
		};
/* End XCConfigurationList section */

/* Begin XCVersionGroup section */
		61218E902AC45D2E00EDE0D8 /* SephoraExercice.xcdatamodeld */ = {
			isa = XCVersionGroup;
			children = (
				61218E912AC45D2E00EDE0D8 /* SephoraExercice.xcdatamodel */,
			);
			currentVersion = 61218E912AC45D2E00EDE0D8 /* SephoraExercice.xcdatamodel */;
			path = SephoraExercice.xcdatamodeld;
			sourceTree = "<group>";
			versionGroupType = wrapper.xcdatamodel;
		};
/* End XCVersionGroup section */
	};
	rootObject = 61218E7C2AC45D2E00EDE0D8 /* Project object */;
}
